
Microsoft Visual Studio Solution File, Format Version 12.00
# Visual Studio Version 16
VisualStudioVersion = 16.0.33130.400
MinimumVisualStudioVersion = 10.0.40219.1
Project("{FAE04EC0-301F-11D3-BF4B-00C04F79EFBC}") = "RapidPay", "RapidPay.csproj", "{48D89BD4-0FA8-4DD0-9D8C-916C44E0FDA3}"
EndProject
Project("{FAE04EC0-301F-11D3-BF4B-00C04F79EFBC}") = "RapidPay.Data", "..\RapidPay.Data\RapidPay.Data.csproj", "{794D61F6-181B-452F-97B0-CD95C7FD8909}"
EndProject
Project("{FAE04EC0-301F-11D3-BF4B-00C04F79EFBC}") = "RapidPay.Fees", "..\RapidPay.Fees\RapidPay.Fees.csproj", "{C78243E8-7DBC-4DC2-92FD-52C59589DA0C}"
EndProject
Global
	GlobalSection(SolutionConfigurationPlatforms) = preSolution
		Debug|Any CPU = Debug|Any CPU
		Release|Any CPU = Release|Any CPU
	EndGlobalSection
	GlobalSection(ProjectConfigurationPlatforms) = postSolution
		{48D89BD4-0FA8-4DD0-9D8C-916C44E0FDA3}.Debug|Any CPU.ActiveCfg = Debug|Any CPU
		{48D89BD4-0FA8-4DD0-9D8C-916C44E0FDA3}.Debug|Any CPU.Build.0 = Debug|Any CPU
		{48D89BD4-0FA8-4DD0-9D8C-916C44E0FDA3}.Release|Any CPU.ActiveCfg = Release|Any CPU
		{48D89BD4-0FA8-4DD0-9D8C-916C44E0FDA3}.Release|Any CPU.Build.0 = Release|Any CPU
		{794D61F6-181B-452F-97B0-CD95C7FD8909}.Debug|Any CPU.ActiveCfg = Debug|Any CPU
		{794D61F6-181B-452F-97B0-CD95C7FD8909}.Debug|Any CPU.Build.0 = Debug|Any CPU
		{794D61F6-181B-452F-97B0-CD95C7FD8909}.Release|Any CPU.ActiveCfg = Release|Any CPU
		{794D61F6-181B-452F-97B0-CD95C7FD8909}.Release|Any CPU.Build.0 = Release|Any CPU
		{C78243E8-7DBC-4DC2-92FD-52C59589DA0C}.Debug|Any CPU.ActiveCfg = Debug|Any CPU
		{C78243E8-7DBC-4DC2-92FD-52C59589DA0C}.Debug|Any CPU.Build.0 = Debug|Any CPU
		{C78243E8-7DBC-4DC2-92FD-52C59589DA0C}.Release|Any CPU.ActiveCfg = Release|Any CPU
		{C78243E8-7DBC-4DC2-92FD-52C59589DA0C}.Release|Any CPU.Build.0 = Release|Any CPU
	EndGlobalSection
	GlobalSection(SolutionProperties) = preSolution
		HideSolutionNode = FALSE
	EndGlobalSection
	GlobalSection(ExtensibilityGlobals) = postSolution
		SolutionGuid = {E3D98660-2D36-4CE9-8D9F-B03566484BCA}
	EndGlobalSection
EndGlobal
